
Microsoft Visual Studio Solution File, Format Version 12.00
# Visual Studio Version 17
VisualStudioVersion = 17.1.32210.238
MinimumVisualStudioVersion = 10.0.40219.1
Project("{FAE04EC0-301F-11D3-BF4B-00C04F79EFBC}") = "template_usersettings", "template_usersettings\template_usersettings.csproj", "{A0AB3DAA-D025-4E67-9408-899C50A1BF7D}"
EndProject
Global
	GlobalSection(SolutionConfigurationPlatforms) = preSolution
		Debug|Any CPU = Debug|Any CPU
		Release|Any CPU = Release|Any CPU
	EndGlobalSection
	GlobalSection(ProjectConfigurationPlatforms) = postSolution
		{A0AB3DAA-D025-4E67-9408-899C50A1BF7D}.Debug|Any CPU.ActiveCfg = Debug|Any CPU
		{A0AB3DAA-D025-4E67-9408-899C50A1BF7D}.Debug|Any CPU.Build.0 = Debug|Any CPU
		{A0AB3DAA-D025-4E67-9408-899C50A1BF7D}.Release|Any CPU.ActiveCfg = Release|Any CPU
		{A0AB3DAA-D025-4E67-9408-899C50A1BF7D}.Release|Any CPU.Build.0 = Release|Any CPU
	EndGlobalSection
	GlobalSection(SolutionProperties) = preSolution
		HideSolutionNode = FALSE
	EndGlobalSection
	GlobalSection(ExtensibilityGlobals) = postSolution
		SolutionGuid = {C1D36001-DBFC-4F58-AE8D-CB06CDBFD703}
	EndGlobalSection
EndGlobal
